
Microsoft Visual Studio Solution File, Format Version 12.00
# Visual Studio Version 16
VisualStudioVersion = 16.0.30804.86
MinimumVisualStudioVersion = 10.0.40219.1
Project("{FAE04EC0-301F-11D3-BF4B-00C04F79EFBC}") = "Say hello", "Say hello\Say hello.csproj", "{B612DECB-4927-4691-A0F9-B1FCA42FE50B}"
EndProject
Global
	GlobalSection(SolutionConfigurationPlatforms) = preSolution
		Debug|Any CPU = Debug|Any CPU
		Release|Any CPU = Release|Any CPU
	EndGlobalSection
	GlobalSection(ProjectConfigurationPlatforms) = postSolution
		{B612DECB-4927-4691-A0F9-B1FCA42FE50B}.Debug|Any CPU.ActiveCfg = Debug|Any CPU
		{B612DECB-4927-4691-A0F9-B1FCA42FE50B}.Debug|Any CPU.Build.0 = Debug|Any CPU
		{B612DECB-4927-4691-A0F9-B1FCA42FE50B}.Release|Any CPU.ActiveCfg = Release|Any CPU
		{B612DECB-4927-4691-A0F9-B1FCA42FE50B}.Release|Any CPU.Build.0 = Release|Any CPU
	EndGlobalSection
	GlobalSection(SolutionProperties) = preSolution
		HideSolutionNode = FALSE
	EndGlobalSection
	GlobalSection(ExtensibilityGlobals) = postSolution
		SolutionGuid = {43CD38C0-F4EC-4947-933D-0163F02C00CE}
	EndGlobalSection
EndGlobal
